// !$*UTF8*$!
{
	archiveVersion = 1;
	classes = {
	};
	objectVersion = 50;
	objects = {

/* Begin PBXBuildFile section */
		0028055125B05871008EED08 /* XXKIt.m in Sources */ = {isa = PBXBuildFile; fileRef = 0028055025B05871008EED08 /* XXKIt.m */; };
		00ED221525AC665A005ED663 /* AppDelegate.m in Sources */ = {isa = PBXBuildFile; fileRef = 00ED221425AC665A005ED663 /* AppDelegate.m */; };
		00ED221825AC665A005ED663 /* SceneDelegate.m in Sources */ = {isa = PBXBuildFile; fileRef = 00ED221725AC665A005ED663 /* SceneDelegate.m */; };
		00ED221B25AC665A005ED663 /* ViewController.m in Sources */ = {isa = PBXBuildFile; fileRef = 00ED221A25AC665A005ED663 /* ViewController.m */; };
		00ED221E25AC665A005ED663 /* Main.storyboard in Resources */ = {isa = PBXBuildFile; fileRef = 00ED221C25AC665A005ED663 /* Main.storyboard */; };
		00ED222025AC665C005ED663 /* Assets.xcassets in Resources */ = {isa = PBXBuildFile; fileRef = 00ED221F25AC665C005ED663 /* Assets.xcassets */; };
		00ED222325AC665C005ED663 /* LaunchScreen.storyboard in Resources */ = {isa = PBXBuildFile; fileRef = 00ED222125AC665C005ED663 /* LaunchScreen.storyboard */; };
		00ED222625AC665C005ED663 /* main.m in Sources */ = {isa = PBXBuildFile; fileRef = 00ED222525AC665C005ED663 /* main.m */; };
		00ED223025AC665D005ED663 /* xxPodTestTests.m in Sources */ = {isa = PBXBuildFile; fileRef = 00ED222F25AC665D005ED663 /* xxPodTestTests.m */; };
		00ED223B25AC665D005ED663 /* xxPodTestUITests.m in Sources */ = {isa = PBXBuildFile; fileRef = 00ED223A25AC665D005ED663 /* xxPodTestUITests.m */; };
/* End PBXBuildFile section */

/* Begin PBXContainerItemProxy section */
		00ED222C25AC665D005ED663 /* PBXContainerItemProxy */ = {
			isa = PBXContainerItemProxy;
			containerPortal = 00ED220825AC665A005ED663 /* Project object */;
			proxyType = 1;
			remoteGlobalIDString = 00ED220F25AC665A005ED663;
			remoteInfo = xxPodTest;
		};
		00ED223725AC665D005ED663 /* PBXContainerItemProxy */ = {
			isa = PBXContainerItemProxy;
			containerPortal = 00ED220825AC665A005ED663 /* Project object */;
			proxyType = 1;
			remoteGlobalIDString = 00ED220F25AC665A005ED663;
			remoteInfo = xxPodTest;
		};
/* End PBXContainerItemProxy section */

/* Begin PBXFileReference section */
		0028054F25B05871008EED08 /* XXKIt.h */ = {isa = PBXFileReference; lastKnownFileType = sourcecode.c.h; path = XXKIt.h; sourceTree = "<group>"; };
		0028055025B05871008EED08 /* XXKIt.m */ = {isa = PBXFileReference; lastKnownFileType = sourcecode.c.objc; path = XXKIt.m; sourceTree = "<group>"; };
		00ED221025AC665A005ED663 /* xxPodTest.app */ = {isa = PBXFileReference; explicitFileType = wrapper.application; includeInIndex = 0; path = xxPodTest.app; sourceTree = BUILT_PRODUCTS_DIR; };
		00ED221325AC665A005ED663 /* AppDelegate.h */ = {isa = PBXFileReference; lastKnownFileType = sourcecode.c.h; path = AppDelegate.h; sourceTree = "<group>"; };
		00ED221425AC665A005ED663 /* AppDelegate.m */ = {isa = PBXFileReference; lastKnownFileType = sourcecode.c.objc; path = AppDelegate.m; sourceTree = "<group>"; };
		00ED221625AC665A005ED663 /* SceneDelegate.h */ = {isa = PBXFileReference; lastKnownFileType = sourcecode.c.h; path = SceneDelegate.h; sourceTree = "<group>"; };
		00ED221725AC665A005ED663 /* SceneDelegate.m */ = {isa = PBXFileReference; lastKnownFileType = sourcecode.c.objc; path = SceneDelegate.m; sourceTree = "<group>"; };
		00ED221925AC665A005ED663 /* ViewController.h */ = {isa = PBXFileReference; lastKnownFileType = sourcecode.c.h; path = ViewController.h; sourceTree = "<group>"; };
		00ED221A25AC665A005ED663 /* ViewController.m */ = {isa = PBXFileReference; lastKnownFileType = sourcecode.c.objc; path = ViewController.m; sourceTree = "<group>"; };
		00ED221D25AC665A005ED663 /* Base */ = {isa = PBXFileReference; lastKnownFileType = file.storyboard; name = Base; path = Base.lproj/Main.storyboard; sourceTree = "<group>"; };
		00ED221F25AC665C005ED663 /* Assets.xcassets */ = {isa = PBXFileReference; lastKnownFileType = folder.assetcatalog; path = Assets.xcassets; sourceTree = "<group>"; };
		00ED222225AC665C005ED663 /* Base */ = {isa = PBXFileReference; lastKnownFileType = file.storyboard; name = Base; path = Base.lproj/LaunchScreen.storyboard; sourceTree = "<group>"; };
		00ED222425AC665C005ED663 /* Info.plist */ = {isa = PBXFileReference; lastKnownFileType = text.plist.xml; path = Info.plist; sourceTree = "<group>"; };
		00ED222525AC665C005ED663 /* main.m */ = {isa = PBXFileReference; lastKnownFileType = sourcecode.c.objc; path = main.m; sourceTree = "<group>"; };
		00ED222B25AC665D005ED663 /* xxPodTestTests.xctest */ = {isa = PBXFileReference; explicitFileType = wrapper.cfbundle; includeInIndex = 0; path = xxPodTestTests.xctest; sourceTree = BUILT_PRODUCTS_DIR; };
		00ED222F25AC665D005ED663 /* xxPodTestTests.m */ = {isa = PBXFileReference; lastKnownFileType = sourcecode.c.objc; path = xxPodTestTests.m; sourceTree = "<group>"; };
		00ED223125AC665D005ED663 /* Info.plist */ = {isa = PBXFileReference; lastKnownFileType = text.plist.xml; path = Info.plist; sourceTree = "<group>"; };
		00ED223625AC665D005ED663 /* xxPodTestUITests.xctest */ = {isa = PBXFileReference; explicitFileType = wrapper.cfbundle; includeInIndex = 0; path = xxPodTestUITests.xctest; sourceTree = BUILT_PRODUCTS_DIR; };
		00ED223A25AC665D005ED663 /* xxPodTestUITests.m */ = {isa = PBXFileReference; lastKnownFileType = sourcecode.c.objc; path = xxPodTestUITests.m; sourceTree = "<group>"; };
		00ED223C25AC665D005ED663 /* Info.plist */ = {isa = PBXFileReference; lastKnownFileType = text.plist.xml; path = Info.plist; sourceTree = "<group>"; };
/* End PBXFileReference section */

/* Begin PBXFrameworksBuildPhase section */
		00ED220D25AC665A005ED663 /* Frameworks */ = {
			isa = PBXFrameworksBuildPhase;
			buildActionMask = 2147483647;
			files = (
			);
			runOnlyForDeploymentPostprocessing = 0;
		};
		00ED222825AC665D005ED663 /* Frameworks */ = {
			isa = PBXFrameworksBuildPhase;
			buildActionMask = 2147483647;
			files = (
			);
			runOnlyForDeploymentPostprocessing = 0;
		};
		00ED223325AC665D005ED663 /* Frameworks */ = {
			isa = PBXFrameworksBuildPhase;
			buildActionMask = 2147483647;
			files = (
			);
			runOnlyForDeploymentPostprocessing = 0;
		};
/* End PBXFrameworksBuildPhase section */

/* Begin PBXGroup section */
		0028054E25B05817008EED08 /* Class */ = {
			isa = PBXGroup;
			children = (
				0028054F25B05871008EED08 /* XXKIt.h */,
				0028055025B05871008EED08 /* XXKIt.m */,
			);
			path = Class;
			sourceTree = "<group>";
		};
		00ED220725AC665A005ED663 = {
			isa = PBXGroup;
			children = (
				00ED221225AC665A005ED663 /* xxPodTest */,
				00ED222E25AC665D005ED663 /* xxPodTestTests */,
				00ED223925AC665D005ED663 /* xxPodTestUITests */,
				00ED221125AC665A005ED663 /* Products */,
			);
			sourceTree = "<group>";
		};
		00ED221125AC665A005ED663 /* Products */ = {
			isa = PBXGroup;
			children = (
				00ED221025AC665A005ED663 /* xxPodTest.app */,
				00ED222B25AC665D005ED663 /* xxPodTestTests.xctest */,
				00ED223625AC665D005ED663 /* xxPodTestUITests.xctest */,
			);
			name = Products;
			sourceTree = "<group>";
		};
		00ED221225AC665A005ED663 /* xxPodTest */ = {
			isa = PBXGroup;
			children = (
				0028054E25B05817008EED08 /* Class */,
				00ED221325AC665A005ED663 /* AppDelegate.h */,
				00ED221425AC665A005ED663 /* AppDelegate.m */,
				00ED221625AC665A005ED663 /* SceneDelegate.h */,
				00ED221725AC665A005ED663 /* SceneDelegate.m */,
				00ED221925AC665A005ED663 /* ViewController.h */,
				00ED221A25AC665A005ED663 /* ViewController.m */,
				00ED221C25AC665A005ED663 /* Main.storyboard */,
				00ED221F25AC665C005ED663 /* Assets.xcassets */,
				00ED222125AC665C005ED663 /* LaunchScreen.storyboard */,
				00ED222425AC665C005ED663 /* Info.plist */,
				00ED222525AC665C005ED663 /* main.m */,
			);
			path = xxPodTest;
			sourceTree = "<group>";
		};
		00ED222E25AC665D005ED663 /* xxPodTestTests */ = {
			isa = PBXGroup;
			children = (
				00ED222F25AC665D005ED663 /* xxPodTestTests.m */,
				00ED223125AC665D005ED663 /* Info.plist */,
			);
			path = xxPodTestTests;
			sourceTree = "<group>";
		};
		00ED223925AC665D005ED663 /* xxPodTestUITests */ = {
			isa = PBXGroup;
			children = (
				00ED223A25AC665D005ED663 /* xxPodTestUITests.m */,
				00ED223C25AC665D005ED663 /* Info.plist */,
			);
			path = xxPodTestUITests;
			sourceTree = "<group>";
		};
/* End PBXGroup section */

/* Begin PBXNativeTarget section */
		00ED220F25AC665A005ED663 /* xxPodTest */ = {
			isa = PBXNativeTarget;
			buildConfigurationList = 00ED223F25AC665D005ED663 /* Build configuration list for PBXNativeTarget "xxPodTest" */;
			buildPhases = (
				00ED220C25AC665A005ED663 /* Sources */,
				00ED220D25AC665A005ED663 /* Frameworks */,
				00ED220E25AC665A005ED663 /* Resources */,
			);
			buildRules = (
			);
			dependencies = (
			);
			name = xxPodTest;
			productName = xxPodTest;
			productReference = 00ED221025AC665A005ED663 /* xxPodTest.app */;
			productType = "com.apple.product-type.application";
		};
		00ED222A25AC665D005ED663 /* xxPodTestTests */ = {
			isa = PBXNativeTarget;
			buildConfigurationList = 00ED224225AC665D005ED663 /* Build configuration list for PBXNativeTarget "xxPodTestTests" */;
			buildPhases = (
				00ED222725AC665D005ED663 /* Sources */,
				00ED222825AC665D005ED663 /* Frameworks */,
				00ED222925AC665D005ED663 /* Resources */,
			);
			buildRules = (
			);
			dependencies = (
				00ED222D25AC665D005ED663 /* PBXTargetDependency */,
			);
			name = xxPodTestTests;
			productName = xxPodTestTests;
			productReference = 00ED222B25AC665D005ED663 /* xxPodTestTests.xctest */;
			productType = "com.apple.product-type.bundle.unit-test";
		};
		00ED223525AC665D005ED663 /* xxPodTestUITests */ = {
			isa = PBXNativeTarget;
			buildConfigurationList = 00ED224525AC665D005ED663 /* Build configuration list for PBXNativeTarget "xxPodTestUITests" */;
			buildPhases = (
				00ED223225AC665D005ED663 /* Sources */,
				00ED223325AC665D005ED663 /* Frameworks */,
				00ED223425AC665D005ED663 /* Resources */,
			);
			buildRules = (
			);
			dependencies = (
				00ED223825AC665D005ED663 /* PBXTargetDependency */,
			);
			name = xxPodTestUITests;
			productName = xxPodTestUITests;
			productReference = 00ED223625AC665D005ED663 /* xxPodTestUITests.xctest */;
			productType = "com.apple.product-type.bundle.ui-testing";
		};
/* End PBXNativeTarget section */

/* Begin PBXProject section */
		00ED220825AC665A005ED663 /* Project object */ = {
			isa = PBXProject;
			attributes = {
				LastUpgradeCheck = 1220;
				TargetAttributes = {
					00ED220F25AC665A005ED663 = {
						CreatedOnToolsVersion = 12.2;
					};
					00ED222A25AC665D005ED663 = {
						CreatedOnToolsVersion = 12.2;
						TestTargetID = 00ED220F25AC665A005ED663;
					};
					00ED223525AC665D005ED663 = {
						CreatedOnToolsVersion = 12.2;
						TestTargetID = 00ED220F25AC665A005ED663;
					};
				};
			};
			buildConfigurationList = 00ED220B25AC665A005ED663 /* Build configuration list for PBXProject "xxPodTest" */;
			compatibilityVersion = "Xcode 9.3";
			developmentRegion = en;
			hasScannedForEncodings = 0;
			knownRegions = (
				en,
				Base,
			);
			mainGroup = 00ED220725AC665A005ED663;
			productRefGroup = 00ED221125AC665A005ED663 /* Products */;
			projectDirPath = "";
			projectRoot = "";
			targets = (
				00ED220F25AC665A005ED663 /* xxPodTest */,
				00ED222A25AC665D005ED663 /* xxPodTestTests */,
				00ED223525AC665D005ED663 /* xxPodTestUITests */,
			);
		};
/* End PBXProject section */

/* Begin PBXResourcesBuildPhase section */
		00ED220E25AC665A005ED663 /* Resources */ = {
			isa = PBXResourcesBuildPhase;
			buildActionMask = 2147483647;
			files = (
				00ED222325AC665C005ED663 /* LaunchScreen.storyboard in Resources */,
				00ED222025AC665C005ED663 /* Assets.xcassets in Resources */,
				00ED221E25AC665A005ED663 /* Main.storyboard in Resources */,
			);
			runOnlyForDeploymentPostprocessing = 0;
		};
		00ED222925AC665D005ED663 /* Resources */ = {
			isa = PBXResourcesBuildPhase;
			buildActionMask = 2147483647;
			files = (
			);
			runOnlyForDeploymentPostprocessing = 0;
		};
		00ED223425AC665D005ED663 /* Resources */ = {
			isa = PBXResourcesBuildPhase;
			buildActionMask = 2147483647;
			files = (
			);
			runOnlyForDeploymentPostprocessing = 0;
		};
/* End PBXResourcesBuildPhase section */

/* Begin PBXSourcesBuildPhase section */
		00ED220C25AC665A005ED663 /* Sources */ = {
			isa = PBXSourcesBuildPhase;
			buildActionMask = 2147483647;
			files = (
				00ED221B25AC665A005ED663 /* ViewController.m in Sources */,
				00ED221525AC665A005ED663 /* AppDelegate.m in Sources */,
				00ED222625AC665C005ED663 /* main.m in Sources */,
				0028055125B05871008EED08 /* XXKIt.m in Sources */,
				00ED221825AC665A005ED663 /* SceneDelegate.m in Sources */,
			);
			runOnlyForDeploymentPostprocessing = 0;
		};
		00ED222725AC665D005ED663 /* Sources */ = {
			isa = PBXSourcesBuildPhase;
			buildActionMask = 2147483647;
			files = (
				00ED223025AC665D005ED663 /* xxPodTestTests.m in Sources */,
			);
			runOnlyForDeploymentPostprocessing = 0;
		};
		00ED223225AC665D005ED663 /* Sources */ = {
			isa = PBXSourcesBuildPhase;
			buildActionMask = 2147483647;
			files = (
				00ED223B25AC665D005ED663 /* xxPodTestUITests.m in Sources */,
			);
			runOnlyForDeploymentPostprocessing = 0;
		};
/* End PBXSourcesBuildPhase section */

/* Begin PBXTargetDependency section */
		00ED222D25AC665D005ED663 /* PBXTargetDependency */ = {
			isa = PBXTargetDependency;
			target = 00ED220F25AC665A005ED663 /* xxPodTest */;
			targetProxy = 00ED222C25AC665D005ED663 /* PBXContainerItemProxy */;
		};
		00ED223825AC665D005ED663 /* PBXTargetDependency */ = {
			isa = PBXTargetDependency;
			target = 00ED220F25AC665A005ED663 /* xxPodTest */;
			targetProxy = 00ED223725AC665D005ED663 /* PBXContainerItemProxy */;
		};
/* End PBXTargetDependency section */

/* Begin PBXVariantGroup section */
		00ED221C25AC665A005ED663 /* Main.storyboard */ = {
			isa = PBXVariantGroup;
			children = (
				00ED221D25AC665A005ED663 /* Base */,
			);
			name = Main.storyboard;
			sourceTree = "<group>";
		};
		00ED222125AC665C005ED663 /* LaunchScreen.storyboard */ = {
			isa = PBXVariantGroup;
			children = (
				00ED222225AC665C005ED663 /* Base */,
			);
			name = LaunchScreen.storyboard;
			sourceTree = "<group>";
		};
/* End PBXVariantGroup section */

/* Begin XCBuildConfiguration section */
		00ED223D25AC665D005ED663 /* Debug */ = {
			isa = XCBuildConfiguration;
			buildSettings = {
				ALWAYS_SEARCH_USER_PATHS = NO;
				CLANG_ANALYZER_NONNULL = YES;
				CLANG_ANALYZER_NUMBER_OBJECT_CONVERSION = YES_AGGRESSIVE;
				CLANG_CXX_LANGUAGE_STANDARD = "gnu++14";
				CLANG_CXX_LIBRARY = "libc++";
				CLANG_ENABLE_MODULES = YES;
				CLANG_ENABLE_OBJC_ARC = YES;
				CLANG_ENABLE_OBJC_WEAK = YES;
				CLANG_WARN_BLOCK_CAPTURE_AUTORELEASING = YES;
				CLANG_WARN_BOOL_CONVERSION = YES;
				CLANG_WARN_COMMA = YES;
				CLANG_WARN_CONSTANT_CONVERSION = YES;
				CLANG_WARN_DEPRECATED_OBJC_IMPLEMENTATIONS = YES;
				CLANG_WARN_DIRECT_OBJC_ISA_USAGE = YES_ERROR;
				CLANG_WARN_DOCUMENTATION_COMMENTS = YES;
				CLANG_WARN_EMPTY_BODY = YES;
				CLANG_WARN_ENUM_CONVERSION = YES;
				CLANG_WARN_INFINITE_RECURSION = YES;
				CLANG_WARN_INT_CONVERSION = YES;
				CLANG_WARN_NON_LITERAL_NULL_CONVERSION = YES;
				CLANG_WARN_OBJC_IMPLICIT_RETAIN_SELF = YES;
				CLANG_WARN_OBJC_LITERAL_CONVERSION = YES;
				CLANG_WARN_OBJC_ROOT_CLASS = YES_ERROR;
				CLANG_WARN_QUOTED_INCLUDE_IN_FRAMEWORK_HEADER = YES;
				CLANG_WARN_RANGE_LOOP_ANALYSIS = YES;
				CLANG_WARN_STRICT_PROTOTYPES = YES;
				CLANG_WARN_SUSPICIOUS_MOVE = YES;
				CLANG_WARN_UNGUARDED_AVAILABILITY = YES_AGGRESSIVE;
				CLANG_WARN_UNREACHABLE_CODE = YES;
				CLANG_WARN__DUPLICATE_METHOD_MATCH = YES;
				COPY_PHASE_STRIP = NO;
				DEBUG_INFORMATION_FORMAT = dwarf;
				ENABLE_STRICT_OBJC_MSGSEND = YES;
				ENABLE_TESTABILITY = YES;
				GCC_C_LANGUAGE_STANDARD = gnu11;
				GCC_DYNAMIC_NO_PIC = NO;
				GCC_NO_COMMON_BLOCKS = YES;
				GCC_OPTIMIZATION_LEVEL = 0;
				GCC_PREPROCESSOR_DEFINITIONS = (
					"DEBUG=1",
					"$(inherited)",
				);
				GCC_WARN_64_TO_32_BIT_CONVERSION = YES;
				GCC_WARN_ABOUT_RETURN_TYPE = YES_ERROR;
				GCC_WARN_UNDECLARED_SELECTOR = YES;
				GCC_WARN_UNINITIALIZED_AUTOS = YES_AGGRESSIVE;
				GCC_WARN_UNUSED_FUNCTION = YES;
				GCC_WARN_UNUSED_VARIABLE = YES;
				IPHONEOS_DEPLOYMENT_TARGET = 14.2;
				MTL_ENABLE_DEBUG_INFO = INCLUDE_SOURCE;
				MTL_FAST_MATH = YES;
				ONLY_ACTIVE_ARCH = YES;
				SDKROOT = iphoneos;
			};
			name = Debug;
		};
		00ED223E25AC665D005ED663 /* Release */ = {
			isa = XCBuildConfiguration;
			buildSettings = {
				ALWAYS_SEARCH_USER_PATHS = NO;
				CLANG_ANALYZER_NONNULL = YES;
				CLANG_ANALYZER_NUMBER_OBJECT_CONVERSION = YES_AGGRESSIVE;
				CLANG_CXX_LANGUAGE_STANDARD = "gnu++14";
				CLANG_CXX_LIBRARY = "libc++";
				CLANG_ENABLE_MODULES = YES;
				CLANG_ENABLE_OBJC_ARC = YES;
				CLANG_ENABLE_OBJC_WEAK = YES;
				CLANG_WARN_BLOCK_CAPTURE_AUTORELEASING = YES;
				CLANG_WARN_BOOL_CONVERSION = YES;
				CLANG_WARN_COMMA = YES;
				CLANG_WARN_CONSTANT_CONVERSION = YES;
				CLANG_WARN_DEPRECATED_OBJC_IMPLEMENTATIONS = YES;
				CLANG_WARN_DIRECT_OBJC_ISA_USAGE = YES_ERROR;
				CLANG_WARN_DOCUMENTATION_COMMENTS = YES;
				CLANG_WARN_EMPTY_BODY = YES;
				CLANG_WARN_ENUM_CONVERSION = YES;
				CLANG_WARN_INFINITE_RECURSION = YES;
				CLANG_WARN_INT_CONVERSION = YES;
				CLANG_WARN_NON_LITERAL_NULL_CONVERSION = YES;
				CLANG_WARN_OBJC_IMPLICIT_RETAIN_SELF = YES;
				CLANG_WARN_OBJC_LITERAL_CONVERSION = YES;
				CLANG_WARN_OBJC_ROOT_CLASS = YES_ERROR;
				CLANG_WARN_QUOTED_INCLUDE_IN_FRAMEWORK_HEADER = YES;
				CLANG_WARN_RANGE_LOOP_ANALYSIS = YES;
				CLANG_WARN_STRICT_PROTOTYPES = YES;
				CLANG_WARN_SUSPICIOUS_MOVE = YES;
				CLANG_WARN_UNGUARDED_AVAILABILITY = YES_AGGRESSIVE;
				CLANG_WARN_UNREACHABLE_CODE = YES;
				CLANG_WARN__DUPLICATE_METHOD_MATCH = YES;
				COPY_PHASE_STRIP = NO;
				DEBUG_INFORMATION_FORMAT = "dwarf-with-dsym";
				ENABLE_NS_ASSERTIONS = NO;
				ENABLE_STRICT_OBJC_MSGSEND = YES;
				GCC_C_LANGUAGE_STANDARD = gnu11;
				GCC_NO_COMMON_BLOCKS = YES;
				GCC_WARN_64_TO_32_BIT_CONVERSION = YES;
				GCC_WARN_ABOUT_RETURN_TYPE = YES_ERROR;
				GCC_WARN_UNDECLARED_SELECTOR = YES;
				GCC_WARN_UNINITIALIZED_AUTOS = YES_AGGRESSIVE;
				GCC_WARN_UNUSED_FUNCTION = YES;
				GCC_WARN_UNUSED_VARIABLE = YES;
				IPHONEOS_DEPLOYMENT_TARGET = 14.2;
				MTL_ENABLE_DEBUG_INFO = NO;
				MTL_FAST_MATH = YES;
				SDKROOT = iphoneos;
				VALIDATE_PRODUCT = YES;
			};
			name = Release;
		};
		00ED224025AC665D005ED663 /* Debug */ = {
			isa = XCBuildConfiguration;
			buildSettings = {
				ASSETCATALOG_COMPILER_APPICON_NAME = AppIcon;
				ASSETCATALOG_COMPILER_GLOBAL_ACCENT_COLOR_NAME = AccentColor;
				CODE_SIGN_STYLE = Automatic;
				DEVELOPMENT_TEAM = CCWUNNQ6SW;
				INFOPLIST_FILE = xxPodTest/Info.plist;
				LD_RUNPATH_SEARCH_PATHS = (
					"$(inherited)",
					"@executable_path/Frameworks",
				);
				PRODUCT_BUNDLE_IDENTIFIER = xxw.com.xxPodTest;
				PRODUCT_NAME = "$(TARGET_NAME)";
				TARGETED_DEVICE_FAMILY = "1,2";
			};
			name = Debug;
		};
		00ED224125AC665D005ED663 /* Release */ = {
			isa = XCBuildConfiguration;
			buildSettings = {
				ASSETCATALOG_COMPILER_APPICON_NAME = AppIcon;
				ASSETCATALOG_COMPILER_GLOBAL_ACCENT_COLOR_NAME = AccentColor;
				CODE_SIGN_STYLE = Automatic;
				DEVELOPMENT_TEAM = CCWUNNQ6SW;
				INFOPLIST_FILE = xxPodTest/Info.plist;
				LD_RUNPATH_SEARCH_PATHS = (
					"$(inherited)",
					"@executable_path/Frameworks",
				);
				PRODUCT_BUNDLE_IDENTIFIER = xxw.com.xxPodTest;
				PRODUCT_NAME = "$(TARGET_NAME)";
				TARGETED_DEVICE_FAMILY = "1,2";
			};
			name = Release;
		};
		00ED224325AC665D005ED663 /* Debug */ = {
			isa = XCBuildConfiguration;
			buildSettings = {
				BUNDLE_LOADER = "$(TEST_HOST)";
				CODE_SIGN_STYLE = Automatic;
				DEVELOPMENT_TEAM = CCWUNNQ6SW;
				INFOPLIST_FILE = xxPodTestTests/Info.plist;
				IPHONEOS_DEPLOYMENT_TARGET = 14.2;
				LD_RUNPATH_SEARCH_PATHS = (
					"$(inherited)",
					"@executable_path/Frameworks",
					"@loader_path/Frameworks",
				);
				PRODUCT_BUNDLE_IDENTIFIER = xxw.com.xxPodTestTests;
				PRODUCT_NAME = "$(TARGET_NAME)";
				TARGETED_DEVICE_FAMILY = "1,2";
				TEST_HOST = "$(BUILT_PRODUCTS_DIR)/xxPodTest.app/xxPodTest";
			};
			name = Debug;
		};
		00ED224425AC665D005ED663 /* Release */ = {
			isa = XCBuildConfiguration;
			buildSettings = {
				BUNDLE_LOADER = "$(TEST_HOST)";
				CODE_SIGN_STYLE = Automatic;
				DEVELOPMENT_TEAM = CCWUNNQ6SW;
				INFOPLIST_FILE = xxPodTestTests/Info.plist;
				IPHONEOS_DEPLOYMENT_TARGET = 14.2;
				LD_RUNPATH_SEARCH_PATHS = (
					"$(inherited)",
					"@executable_path/Frameworks",
					"@loader_path/Frameworks",
				);
				PRODUCT_BUNDLE_IDENTIFIER = xxw.com.xxPodTestTests;
				PRODUCT_NAME = "$(TARGET_NAME)";
				TARGETED_DEVICE_FAMILY = "1,2";
				TEST_HOST = "$(BUILT_PRODUCTS_DIR)/xxPodTest.app/xxPodTest";
			};
			name = Release;
		};
		00ED224625AC665D005ED663 /* Debug */ = {
			isa = XCBuildConfiguration;
			buildSettings = {
				CODE_SIGN_STYLE = Automatic;
				DEVELOPMENT_TEAM = CCWUNNQ6SW;
				INFOPLIST_FILE = xxPodTestUITests/Info.plist;
				LD_RUNPATH_SEARCH_PATHS = (
					"$(inherited)",
					"@executable_path/Frameworks",
					"@loader_path/Frameworks",
				);
				PRODUCT_BUNDLE_IDENTIFIER = xxw.com.xxPodTestUITests;
				PRODUCT_NAME = "$(TARGET_NAME)";
				TARGETED_DEVICE_FAMILY = "1,2";
				TEST_TARGET_NAME = xxPodTest;
			};
			name = Debug;
		};
		00ED224725AC665D005ED663 /* Release */ = {
			isa = XCBuildConfiguration;
			buildSettings = {
				CODE_SIGN_STYLE = Automatic;
				DEVELOPMENT_TEAM = CCWUNNQ6SW;
				INFOPLIST_FILE = xxPodTestUITests/Info.plist;
				LD_RUNPATH_SEARCH_PATHS = (
					"$(inherited)",
					"@executable_path/Frameworks",
					"@loader_path/Frameworks",
				);
				PRODUCT_BUNDLE_IDENTIFIER = xxw.com.xxPodTestUITests;
				PRODUCT_NAME = "$(TARGET_NAME)";
				TARGETED_DEVICE_FAMILY = "1,2";
				TEST_TARGET_NAME = xxPodTest;
			};
			name = Release;
		};
/* End XCBuildConfiguration section */

/* Begin XCConfigurationList section */
		00ED220B25AC665A005ED663 /* Build configuration list for PBXProject "xxPodTest" */ = {
			isa = XCConfigurationList;
			buildConfigurations = (
				00ED223D25AC665D005ED663 /* Debug */,
				00ED223E25AC665D005ED663 /* Release */,
			);
			defaultConfigurationIsVisible = 0;
			defaultConfigurationName = Release;
		};
		00ED223F25AC665D005ED663 /* Build configuration list for PBXNativeTarget "xxPodTest" */ = {
			isa = XCConfigurationList;
			buildConfigurations = (
				00ED224025AC665D005ED663 /* Debug */,
				00ED224125AC665D005ED663 /* Release */,
			);
			defaultConfigurationIsVisible = 0;
			defaultConfigurationName = Release;
		};
		00ED224225AC665D005ED663 /* Build configuration list for PBXNativeTarget "xxPodTestTests" */ = {
			isa = XCConfigurationList;
			buildConfigurations = (
				00ED224325AC665D005ED663 /* Debug */,
				00ED224425AC665D005ED663 /* Release */,
			);
			defaultConfigurationIsVisible = 0;
			defaultConfigurationName = Release;
		};
		00ED224525AC665D005ED663 /* Build configuration list for PBXNativeTarget "xxPodTestUITests" */ = {
			isa = XCConfigurationList;
			buildConfigurations = (
				00ED224625AC665D005ED663 /* Debug */,
				00ED224725AC665D005ED663 /* Release */,
			);
			defaultConfigurationIsVisible = 0;
			defaultConfigurationName = Release;
		};
/* End XCConfigurationList section */
	};
	rootObject = 00ED220825AC665A005ED663 /* Project object */;
}
